
Microsoft Visual Studio Solution File, Format Version 12.00
# Visual Studio Version 17
VisualStudioVersion = 17.5.002.0
MinimumVisualStudioVersion = 10.0.40219.1
Project("{9A19103F-16F7-4668-BE54-9A1E7A4F7556}") = "A Start", "A Start.csproj", "{CBA25C58-47A5-43F7-B79C-09D6C1640EB3}"
EndProject
Global
	GlobalSection(SolutionConfigurationPlatforms) = preSolution
		Debug|Any CPU = Debug|Any CPU
		Release|Any CPU = Release|Any CPU
	EndGlobalSection
	GlobalSection(ProjectConfigurationPlatforms) = postSolution
		{CBA25C58-47A5-43F7-B79C-09D6C1640EB3}.Debug|Any CPU.ActiveCfg = Debug|Any CPU
		{CBA25C58-47A5-43F7-B79C-09D6C1640EB3}.Debug|Any CPU.Build.0 = Debug|Any CPU
		{CBA25C58-47A5-43F7-B79C-09D6C1640EB3}.Release|Any CPU.ActiveCfg = Release|Any CPU
		{CBA25C58-47A5-43F7-B79C-09D6C1640EB3}.Release|Any CPU.Build.0 = Release|Any CPU
	EndGlobalSection
	GlobalSection(SolutionProperties) = preSolution
		HideSolutionNode = FALSE
	EndGlobalSection
	GlobalSection(ExtensibilityGlobals) = postSolution
		SolutionGuid = {CBB1233F-6CA3-463C-8935-341EDD93DD41}
	EndGlobalSection
EndGlobal
