
Microsoft Visual Studio Solution File, Format Version 12.00
# Visual Studio 15
Project("{FAE04EC0-301F-11D3-BF4B-00C04F79EFBC}") = "Assembly-CSharp", "Assembly-CSharp.csproj", "{6D010D04-EFF5-2423-82E6-6F36E5487CAB}"
EndProject
Global
	GlobalSection(SolutionConfigurationPlatforms) = preSolution
		Debug|Any CPU = Debug|Any CPU
		Release|Any CPU = Release|Any CPU
	EndGlobalSection
	GlobalSection(ProjectConfigurationPlatforms) = postSolution
		{6D010D04-EFF5-2423-82E6-6F36E5487CAB}.Debug|Any CPU.ActiveCfg = Debug|Any CPU
		{6D010D04-EFF5-2423-82E6-6F36E5487CAB}.Debug|Any CPU.Build.0 = Debug|Any CPU
		{6D010D04-EFF5-2423-82E6-6F36E5487CAB}.Release|Any CPU.ActiveCfg = Release|Any CPU
		{6D010D04-EFF5-2423-82E6-6F36E5487CAB}.Release|Any CPU.Build.0 = Release|Any CPU
	EndGlobalSection
	GlobalSection(SolutionProperties) = preSolution
		HideSolutionNode = FALSE
	EndGlobalSection
EndGlobal
